
Microsoft Visual Studio Solution File, Format Version 12.00
# Visual Studio Version 16
VisualStudioVersion = 16.0.31205.134
MinimumVisualStudioVersion = 10.0.40219.1
Project("{E24C65DC-7377-472B-9ABA-BC803B73C61A}") = "ELFpreprod61", ".", "{FBC6722B-4778-426E-BD8B-A7FC88294A18}"
	ProjectSection(WebsiteProperties) = preProject
		TargetFrameworkMoniker = ".NETFramework,Version%3Dv4.0"
		Debug.AspNetCompiler.VirtualPath = "/localhost_52920"
		Debug.AspNetCompiler.PhysicalPath = "..\ELFpreprod61\"
		Debug.AspNetCompiler.TargetPath = "PrecompiledWeb\localhost_52920\"
		Debug.AspNetCompiler.Updateable = "true"
		Debug.AspNetCompiler.ForceOverwrite = "true"
		Debug.AspNetCompiler.FixedNames = "false"
		Debug.AspNetCompiler.Debug = "True"
		Release.AspNetCompiler.VirtualPath = "/localhost_52920"
		Release.AspNetCompiler.PhysicalPath = "..\ELFpreprod61\"
		Release.AspNetCompiler.TargetPath = "PrecompiledWeb\localhost_52920\"
		Release.AspNetCompiler.Updateable = "true"
		Release.AspNetCompiler.ForceOverwrite = "true"
		Release.AspNetCompiler.FixedNames = "false"
		Release.AspNetCompiler.Debug = "False"
		VWDPort = "52920"
		SlnRelativePath = "..\ELFpreprod61\"
	EndProjectSection
EndProject
Global
	GlobalSection(SolutionConfigurationPlatforms) = preSolution
		Debug|Any CPU = Debug|Any CPU
	EndGlobalSection
	GlobalSection(ProjectConfigurationPlatforms) = postSolution
		{FBC6722B-4778-426E-BD8B-A7FC88294A18}.Debug|Any CPU.ActiveCfg = Debug|Any CPU
		{FBC6722B-4778-426E-BD8B-A7FC88294A18}.Debug|Any CPU.Build.0 = Debug|Any CPU
	EndGlobalSection
	GlobalSection(SolutionProperties) = preSolution
		HideSolutionNode = FALSE
	EndGlobalSection
	GlobalSection(ExtensibilityGlobals) = postSolution
		SolutionGuid = {71E68055-83AF-4F36-9AA8-B62611E3837F}
	EndGlobalSection
EndGlobal
